Microsoft Visual Studio Solution File, Format Version 12.00
# Visual Studio Version 16
VisualStudioVersion = 16.0.29911.84
MinimumVisualStudioVersion = 10.0.40219.1
Project("{FAE04EC0-301F-11D3-BF4B-00C04F79EFBC}") = "WOLF3D", "WOLF3D.csproj", "{369FBEF6-01AF-445F-BC4D-F9AA0E9F9A10}"
EndProject
Project("{FAE04EC0-301F-11D3-BF4B-00C04F79EFBC}") = "OPL", "OPL\OPL.csproj", "{CC078116-75E0-49AC-A92A-58F7E505B9C2}"
EndProject
Project("{FAE04EC0-301F-11D3-BF4B-00C04F79EFBC}") = "WOLF3DModel", "WOLF3DModel\WOLF3DModel.csproj", "{BFC78344-D90C-4243-B8DB-0BBDDAD9DFD1}"
EndProject
Project("{2150E333-8FDC-42A3-9474-1A3956D46DE8}") = "Solution Items", "Solution Items", "{2509C389-2F41-4FFF-91DA-3A8401032795}"
	ProjectSection(SolutionItems) = preProject
		README.md = README.md
		WL1.xml = WL1.xml
	EndProjectSection
EndProject
Project("{FAE04EC0-301F-11D3-BF4B-00C04F79EFBC}") = "WOLF3DTest", "WOLF3DTest\WOLF3DTest.csproj", "{DA4521B7-0AE2-45F8-8B6E-66F38E92F8A7}"
EndProject
Global
	GlobalSection(SolutionConfigurationPlatforms) = preSolution
		Debug|Any CPU = Debug|Any CPU
		Release|Any CPU = Release|Any CPU
		Tools|Any CPU = Tools|Any CPU
	EndGlobalSection
	GlobalSection(ProjectConfigurationPlatforms) = postSolution
		{369FBEF6-01AF-445F-BC4D-F9AA0E9F9A10}.Debug|Any CPU.ActiveCfg = Debug|Any CPU
		{369FBEF6-01AF-445F-BC4D-F9AA0E9F9A10}.Debug|Any CPU.Build.0 = Debug|Any CPU
		{369FBEF6-01AF-445F-BC4D-F9AA0E9F9A10}.Release|Any CPU.ActiveCfg = Release|Any CPU
		{369FBEF6-01AF-445F-BC4D-F9AA0E9F9A10}.Release|Any CPU.Build.0 = Release|Any CPU
		{369FBEF6-01AF-445F-BC4D-F9AA0E9F9A10}.Tools|Any CPU.ActiveCfg = Tools|Any CPU
		{369FBEF6-01AF-445F-BC4D-F9AA0E9F9A10}.Tools|Any CPU.Build.0 = Tools|Any CPU
		{CC078116-75E0-49AC-A92A-58F7E505B9C2}.Debug|Any CPU.ActiveCfg = Debug|Any CPU
		{CC078116-75E0-49AC-A92A-58F7E505B9C2}.Debug|Any CPU.Build.0 = Debug|Any CPU
		{CC078116-75E0-49AC-A92A-58F7E505B9C2}.Release|Any CPU.ActiveCfg = Release|Any CPU
		{CC078116-75E0-49AC-A92A-58F7E505B9C2}.Release|Any CPU.Build.0 = Release|Any CPU
		{CC078116-75E0-49AC-A92A-58F7E505B9C2}.Tools|Any CPU.ActiveCfg = Release|Any CPU
		{CC078116-75E0-49AC-A92A-58F7E505B9C2}.Tools|Any CPU.Build.0 = Release|Any CPU
		{BFC78344-D90C-4243-B8DB-0BBDDAD9DFD1}.Debug|Any CPU.ActiveCfg = Debug|Any CPU
		{BFC78344-D90C-4243-B8DB-0BBDDAD9DFD1}.Debug|Any CPU.Build.0 = Debug|Any CPU
		{BFC78344-D90C-4243-B8DB-0BBDDAD9DFD1}.Release|Any CPU.ActiveCfg = Release|Any CPU
		{BFC78344-D90C-4243-B8DB-0BBDDAD9DFD1}.Release|Any CPU.Build.0 = Release|Any CPU
		{BFC78344-D90C-4243-B8DB-0BBDDAD9DFD1}.Tools|Any CPU.ActiveCfg = Release|Any CPU
		{BFC78344-D90C-4243-B8DB-0BBDDAD9DFD1}.Tools|Any CPU.Build.0 = Release|Any CPU
		{DA4521B7-0AE2-45F8-8B6E-66F38E92F8A7}.Debug|Any CPU.ActiveCfg = Debug|Any CPU
		{DA4521B7-0AE2-45F8-8B6E-66F38E92F8A7}.Debug|Any CPU.Build.0 = Debug|Any CPU
		{DA4521B7-0AE2-45F8-8B6E-66F38E92F8A7}.Release|Any CPU.ActiveCfg = Release|Any CPU
		{DA4521B7-0AE2-45F8-8B6E-66F38E92F8A7}.Release|Any CPU.Build.0 = Release|Any CPU
		{DA4521B7-0AE2-45F8-8B6E-66F38E92F8A7}.Tools|Any CPU.ActiveCfg = Release|Any CPU
		{DA4521B7-0AE2-45F8-8B6E-66F38E92F8A7}.Tools|Any CPU.Build.0 = Release|Any CPU
	EndGlobalSection
	GlobalSection(SolutionProperties) = preSolution
		HideSolutionNode = FALSE
	EndGlobalSection
	GlobalSection(ExtensibilityGlobals) = postSolution
		SolutionGuid = {A6CDCC10-5DC8-4058-BC31-2350B3CCF5F7}
	EndGlobalSection
EndGlobal
